
Microsoft Visual Studio Solution File, Format Version 12.00
# Visual Studio 15
VisualStudioVersion = 15.0.27703.2035
MinimumVisualStudioVersion = 10.0.40219.1
Project("{FAE04EC0-301F-11D3-BF4B-00C04F79EFBC}") = "mVoxApp.Web", "mVoxApp.Web\mVoxApp.Web.csproj", "{27E913B7-BA2E-48C9-A7ED-D590F41DF650}"
EndProject
Project("{2150E333-8FDC-42A3-9474-1A3956D46DE8}") = "Query_files", "Query_files", "{457FB39B-938D-44FA-AD40-0098E38E41D6}"
EndProject
Global
	GlobalSection(SolutionConfigurationPlatforms) = preSolution
		Debug|Any CPU = Debug|Any CPU
		Release|Any CPU = Release|Any CPU
	EndGlobalSection
	GlobalSection(ProjectConfigurationPlatforms) = postSolution
		{27E913B7-BA2E-48C9-A7ED-D590F41DF650}.Debug|Any CPU.ActiveCfg = Debug|Any CPU
		{27E913B7-BA2E-48C9-A7ED-D590F41DF650}.Debug|Any CPU.Build.0 = Debug|Any CPU
		{27E913B7-BA2E-48C9-A7ED-D590F41DF650}.Release|Any CPU.ActiveCfg = Release|Any CPU
		{27E913B7-BA2E-48C9-A7ED-D590F41DF650}.Release|Any CPU.Build.0 = Release|Any CPU
	EndGlobalSection
	GlobalSection(SolutionProperties) = preSolution
		HideSolutionNode = FALSE
	EndGlobalSection
	GlobalSection(ExtensibilityGlobals) = postSolution
		SolutionGuid = {6805A8B6-7DE9-4085-9BD5-5589DDBB57E3}
	EndGlobalSection
EndGlobal
